
Microsoft Visual Studio Solution File, Format Version 12.00
# Visual Studio 14
VisualStudioVersion = 14.0.25123.0
MinimumVisualStudioVersion = 10.0.40219.1
Project("{FAE04EC0-301F-11D3-BF4B-00C04F79EFBC}") = "PESR UI Web", "PESR UI Web\PESR UI Web.csproj", "{64F5FEC2-C0A4-4358-8042-8066F0ACA19F}"
EndProject
Project("{FAE04EC0-301F-11D3-BF4B-00C04F79EFBC}") = "PESR", "PESR\PESR.csproj", "{E9D49983-4C8B-406D-BEBC-ECD02855BD39}"
EndProject
Global
	GlobalSection(SolutionConfigurationPlatforms) = preSolution
		Debug|Any CPU = Debug|Any CPU
		Release|Any CPU = Release|Any CPU
	EndGlobalSection
	GlobalSection(ProjectConfigurationPlatforms) = postSolution
		{64F5FEC2-C0A4-4358-8042-8066F0ACA19F}.Debug|Any CPU.ActiveCfg = Debug|Any CPU
		{64F5FEC2-C0A4-4358-8042-8066F0ACA19F}.Debug|Any CPU.Build.0 = Debug|Any CPU
		{64F5FEC2-C0A4-4358-8042-8066F0ACA19F}.Release|Any CPU.ActiveCfg = Release|Any CPU
		{64F5FEC2-C0A4-4358-8042-8066F0ACA19F}.Release|Any CPU.Build.0 = Release|Any CPU
		{E9D49983-4C8B-406D-BEBC-ECD02855BD39}.Debug|Any CPU.ActiveCfg = Debug|Any CPU
		{E9D49983-4C8B-406D-BEBC-ECD02855BD39}.Debug|Any CPU.Build.0 = Debug|Any CPU
		{E9D49983-4C8B-406D-BEBC-ECD02855BD39}.Release|Any CPU.ActiveCfg = Release|Any CPU
		{E9D49983-4C8B-406D-BEBC-ECD02855BD39}.Release|Any CPU.Build.0 = Release|Any CPU
	EndGlobalSection
	GlobalSection(SolutionProperties) = preSolution
		HideSolutionNode = FALSE
	EndGlobalSection
EndGlobal
